
Microsoft Visual Studio Solution File, Format Version 12.00
# Visual Studio 15
VisualStudioVersion = 15.0.27004.2006
MinimumVisualStudioVersion = 10.0.40219.1
Project("{FAE04EC0-301F-11D3-BF4B-00C04F79EFBC}") = "comicApp", "comicApp\comicApp.csproj", "{3FD24FE1-3BE7-4B2D-BF5F-1F9738303CF6}"
EndProject
Global
	GlobalSection(SolutionConfigurationPlatforms) = preSolution
		Debug|Any CPU = Debug|Any CPU
		Release|Any CPU = Release|Any CPU
	EndGlobalSection
	GlobalSection(ProjectConfigurationPlatforms) = postSolution
		{3FD24FE1-3BE7-4B2D-BF5F-1F9738303CF6}.Debug|Any CPU.ActiveCfg = Debug|Any CPU
		{3FD24FE1-3BE7-4B2D-BF5F-1F9738303CF6}.Debug|Any CPU.Build.0 = Debug|Any CPU
		{3FD24FE1-3BE7-4B2D-BF5F-1F9738303CF6}.Release|Any CPU.ActiveCfg = Release|Any CPU
		{3FD24FE1-3BE7-4B2D-BF5F-1F9738303CF6}.Release|Any CPU.Build.0 = Release|Any CPU
	EndGlobalSection
	GlobalSection(SolutionProperties) = preSolution
		HideSolutionNode = FALSE
	EndGlobalSection
	GlobalSection(ExtensibilityGlobals) = postSolution
		SolutionGuid = {11459E65-0593-45CD-873B-210B8C46F41A}
	EndGlobalSection
EndGlobal
